
Microsoft Visual Studio Solution File, Format Version 12.00
# Visual Studio Version 17
VisualStudioVersion = 17.4.33110.190
MinimumVisualStudioVersion = 10.0.40219.1
Project("{FAE04EC0-301F-11D3-BF4B-00C04F79EFBC}") = "CSharpFunctions", "CSharpFunctions\CSharpFunctions.csproj", "{9DFC5EDC-5D6F-4996-8FA2-7215A7883F56}"
EndProject
Global
	GlobalSection(SolutionConfigurationPlatforms) = preSolution
		Debug|Any CPU = Debug|Any CPU
		Release|Any CPU = Release|Any CPU
	EndGlobalSection
	GlobalSection(ProjectConfigurationPlatforms) = postSolution
		{9DFC5EDC-5D6F-4996-8FA2-7215A7883F56}.Debug|Any CPU.ActiveCfg = Debug|Any CPU
		{9DFC5EDC-5D6F-4996-8FA2-7215A7883F56}.Debug|Any CPU.Build.0 = Debug|Any CPU
		{9DFC5EDC-5D6F-4996-8FA2-7215A7883F56}.Release|Any CPU.ActiveCfg = Release|Any CPU
		{9DFC5EDC-5D6F-4996-8FA2-7215A7883F56}.Release|Any CPU.Build.0 = Release|Any CPU
	EndGlobalSection
	GlobalSection(SolutionProperties) = preSolution
		HideSolutionNode = FALSE
	EndGlobalSection
	GlobalSection(ExtensibilityGlobals) = postSolution
		SolutionGuid = {310E4796-F4E6-4DB1-A514-D051F63CA9DC}
	EndGlobalSection
EndGlobal
